
Microsoft Visual Studio Solution File, Format Version 12.00
# Visual Studio Version 17
VisualStudioVersion = 17.10.34916.146
MinimumVisualStudioVersion = 10.0.40219.1
Project("{9A19103F-16F7-4668-BE54-9A1E7A4F7556}") = "AccountProvider", "AccountProvider\AccountProvider.csproj", "{B8771111-A678-4E95-BCED-B93454592284}"
EndProject
Project("{9A19103F-16F7-4668-BE54-9A1E7A4F7556}") = "Data", "Data\Data.csproj", "{622E5315-16AF-488C-BE99-BE74BDA464E2}"
EndProject
Global
	GlobalSection(SolutionConfigurationPlatforms) = preSolution
		Debug|Any CPU = Debug|Any CPU
		Release|Any CPU = Release|Any CPU
	EndGlobalSection
	GlobalSection(ProjectConfigurationPlatforms) = postSolution
		{B8771111-A678-4E95-BCED-B93454592284}.Debug|Any CPU.ActiveCfg = Debug|Any CPU
		{B8771111-A678-4E95-BCED-B93454592284}.Debug|Any CPU.Build.0 = Debug|Any CPU
		{B8771111-A678-4E95-BCED-B93454592284}.Release|Any CPU.ActiveCfg = Release|Any CPU
		{B8771111-A678-4E95-BCED-B93454592284}.Release|Any CPU.Build.0 = Release|Any CPU
		{622E5315-16AF-488C-BE99-BE74BDA464E2}.Debug|Any CPU.ActiveCfg = Debug|Any CPU
		{622E5315-16AF-488C-BE99-BE74BDA464E2}.Debug|Any CPU.Build.0 = Debug|Any CPU
		{622E5315-16AF-488C-BE99-BE74BDA464E2}.Release|Any CPU.ActiveCfg = Release|Any CPU
		{622E5315-16AF-488C-BE99-BE74BDA464E2}.Release|Any CPU.Build.0 = Release|Any CPU
	EndGlobalSection
	GlobalSection(SolutionProperties) = preSolution
		HideSolutionNode = FALSE
	EndGlobalSection
	GlobalSection(ExtensibilityGlobals) = postSolution
		SolutionGuid = {65E882ED-6DDE-4C83-90A6-577FD31B7473}
	EndGlobalSection
EndGlobal
