
Microsoft Visual Studio Solution File, Format Version 12.00
# Visual Studio Version 17
VisualStudioVersion = 17.10.34916.146
MinimumVisualStudioVersion = 10.0.40219.1
Project("{FAE04EC0-301F-11D3-BF4B-00C04F79EFBC}") = "AccountProvider", "AccountProvider\AccountProvider.csproj", "{B8771111-A678-4E95-BCED-B93454592284}"
EndProject
Global
	GlobalSection(SolutionConfigurationPlatforms) = preSolution
		Debug|Any CPU = Debug|Any CPU
		Release|Any CPU = Release|Any CPU
	EndGlobalSection
	GlobalSection(ProjectConfigurationPlatforms) = postSolution
		{B8771111-A678-4E95-BCED-B93454592284}.Debug|Any CPU.ActiveCfg = Debug|Any CPU
		{B8771111-A678-4E95-BCED-B93454592284}.Debug|Any CPU.Build.0 = Debug|Any CPU
		{B8771111-A678-4E95-BCED-B93454592284}.Release|Any CPU.ActiveCfg = Release|Any CPU
		{B8771111-A678-4E95-BCED-B93454592284}.Release|Any CPU.Build.0 = Release|Any CPU
	EndGlobalSection
	GlobalSection(SolutionProperties) = preSolution
		HideSolutionNode = FALSE
	EndGlobalSection
	GlobalSection(ExtensibilityGlobals) = postSolution
		SolutionGuid = {65E882ED-6DDE-4C83-90A6-577FD31B7473}
	EndGlobalSection
EndGlobal
